
Microsoft Visual Studio Solution File, Format Version 12.00
# Visual Studio Version 17
VisualStudioVersion = 17.8.34525.116
MinimumVisualStudioVersion = 10.0.40219.1
Project("{FAE04EC0-301F-11D3-BF4B-00C04F79EFBC}") = "CoffeeMachine", "CoffeeMachine\CoffeeMachine.csproj", "{B1A47C72-0B98-4329-A6EB-3C314CF9BD9F}"
EndProject
Global
	GlobalSection(SolutionConfigurationPlatforms) = preSolution
		Debug|Any CPU = Debug|Any CPU
		Release|Any CPU = Release|Any CPU
	EndGlobalSection
	GlobalSection(ProjectConfigurationPlatforms) = postSolution
		{B1A47C72-0B98-4329-A6EB-3C314CF9BD9F}.Debug|Any CPU.ActiveCfg = Debug|Any CPU
		{B1A47C72-0B98-4329-A6EB-3C314CF9BD9F}.Debug|Any CPU.Build.0 = Debug|Any CPU
		{B1A47C72-0B98-4329-A6EB-3C314CF9BD9F}.Release|Any CPU.ActiveCfg = Release|Any CPU
		{B1A47C72-0B98-4329-A6EB-3C314CF9BD9F}.Release|Any CPU.Build.0 = Release|Any CPU
	EndGlobalSection
	GlobalSection(SolutionProperties) = preSolution
		HideSolutionNode = FALSE
	EndGlobalSection
	GlobalSection(ExtensibilityGlobals) = postSolution
		SolutionGuid = {D12AEEA1-290C-4F05-AF74-CD52B5FDFB31}
	EndGlobalSection
EndGlobal
